{
  "name": "h5",
  "version": "1.0.0",
  "lockfileVersion": 1,
  "requires": true,
  "dependencies": {
    "@types/lodash": {
      "version": "4.14.118",
      "resolved": "http://registry.npm.taobao.org/@types/lodash/download/@types/lodash-4.14.118.tgz",
      "integrity": "sha1-JHurOb/MbZENSSfG4Gy8cOw3byc=",
      "dev": true
    },
    "@types/prop-types": {
      "version": "15.5.6",
      "resolved": "http://registry.npm.taobao.org/@types/prop-types/download/@types/prop-types-15.5.6.tgz",
      "integrity": "sha1-nAPT/tcKjVF8GRt3NNooebUMomw=",
      "dev": true
    },
    "@types/react": {
      "version": "16.7.13",
      "resolved": "http://registry.npm.taobao.org/@types/react/download/@types/react-16.7.13.tgz",
      "integrity": "sha1-0jaa54N3NW1C+1QnXTAhjoTyJHo=",
      "dev": true,
      "requires": {
        "@types/prop-types": "*",
        "csstype": "^2.2.0"
      }
    },
    "@types/react-dom": {
      "version": "16.0.11",
      "resolved": "http://registry.npm.taobao.org/@types/react-dom/download/@types/react-dom-16.0.11.tgz",
      "integrity": "sha1-vRDMsNkmA0P0uaSdT3qDMKXB8IE=",
      "dev": true,
      "requires": {
        "@types/react": "*"
      }
    },
    "csstype": {
      "version": "2.5.8",
      "resolved": "http://registry.npm.taobao.org/csstype/download/csstype-2.5.8.tgz",
      "integrity": "sha1-TOWqFuoNVi75EF+jriZ28ZlYajU=",
      "dev": true
    }
  }
}
